
Microsoft Visual Studio Solution File, Format Version 12.00
Project("{FAE04EC0-301F-11D3-BF4B-00C04F79EFBC}") = "Phoebe.Core", "Phoebe.Core\Phoebe.Core.csproj", "{69D8BD9C-7BF2-40B7-B267-74631EBD4E6E}"
EndProject
Project("{FAE04EC0-301F-11D3-BF4B-00C04F79EFBC}") = "Phoebe.CLI", "Phoebe.CLI\Phoebe.CLI.csproj", "{1D2CD584-2182-4AC8-A9C0-FDA34E1DFBB7}"
EndProject
Project("{FAE04EC0-301F-11D3-BF4B-00C04F79EFBC}") = "Phoebe.ContentExporter", "Phoebe.ContentExporter\Phoebe.ContentExporter.csproj", "{5216F6E9-17B3-4ABB-ACEA-0843FB781F27}"
EndProject
Project("{2150E333-8FDC-42A3-9474-1A3956D46DE8}") = "src", "src", "{827E0CD3-B72D-47B6-A68D-7590B98EB39B}"
EndProject
Project("{FAE04EC0-301F-11D3-BF4B-00C04F79EFBC}") = "Phoebe.PredictableScrapMod", "Phoebe.PredictableScrapMod\Phoebe.PredictableScrapMod.csproj", "{137A5DEF-C696-434D-9CD6-071109C561FB}"
EndProject
Global
	GlobalSection(SolutionConfigurationPlatforms) = preSolution
		Debug|Any CPU = Debug|Any CPU
		Debug|x64 = Debug|x64
		Debug|x86 = Debug|x86
		Release|Any CPU = Release|Any CPU
		Release|x64 = Release|x64
		Release|x86 = Release|x86
	EndGlobalSection
	GlobalSection(ProjectConfigurationPlatforms) = postSolution
		{69D8BD9C-7BF2-40B7-B267-74631EBD4E6E}.Debug|Any CPU.ActiveCfg = Debug|Any CPU
		{69D8BD9C-7BF2-40B7-B267-74631EBD4E6E}.Debug|Any CPU.Build.0 = Debug|Any CPU
		{69D8BD9C-7BF2-40B7-B267-74631EBD4E6E}.Debug|x64.ActiveCfg = Debug|Any CPU
		{69D8BD9C-7BF2-40B7-B267-74631EBD4E6E}.Debug|x64.Build.0 = Debug|Any CPU
		{69D8BD9C-7BF2-40B7-B267-74631EBD4E6E}.Debug|x86.ActiveCfg = Debug|Any CPU
		{69D8BD9C-7BF2-40B7-B267-74631EBD4E6E}.Debug|x86.Build.0 = Debug|Any CPU
		{69D8BD9C-7BF2-40B7-B267-74631EBD4E6E}.Release|Any CPU.ActiveCfg = Release|Any CPU
		{69D8BD9C-7BF2-40B7-B267-74631EBD4E6E}.Release|Any CPU.Build.0 = Release|Any CPU
		{69D8BD9C-7BF2-40B7-B267-74631EBD4E6E}.Release|x64.ActiveCfg = Release|Any CPU
		{69D8BD9C-7BF2-40B7-B267-74631EBD4E6E}.Release|x64.Build.0 = Release|Any CPU
		{69D8BD9C-7BF2-40B7-B267-74631EBD4E6E}.Release|x86.ActiveCfg = Release|Any CPU
		{69D8BD9C-7BF2-40B7-B267-74631EBD4E6E}.Release|x86.Build.0 = Release|Any CPU
		{1D2CD584-2182-4AC8-A9C0-FDA34E1DFBB7}.Debug|Any CPU.ActiveCfg = Debug|Any CPU
		{1D2CD584-2182-4AC8-A9C0-FDA34E1DFBB7}.Debug|Any CPU.Build.0 = Debug|Any CPU
		{1D2CD584-2182-4AC8-A9C0-FDA34E1DFBB7}.Debug|x64.ActiveCfg = Debug|Any CPU
		{1D2CD584-2182-4AC8-A9C0-FDA34E1DFBB7}.Debug|x64.Build.0 = Debug|Any CPU
		{1D2CD584-2182-4AC8-A9C0-FDA34E1DFBB7}.Debug|x86.ActiveCfg = Debug|Any CPU
		{1D2CD584-2182-4AC8-A9C0-FDA34E1DFBB7}.Debug|x86.Build.0 = Debug|Any CPU
		{1D2CD584-2182-4AC8-A9C0-FDA34E1DFBB7}.Release|Any CPU.ActiveCfg = Release|Any CPU
		{1D2CD584-2182-4AC8-A9C0-FDA34E1DFBB7}.Release|Any CPU.Build.0 = Release|Any CPU
		{1D2CD584-2182-4AC8-A9C0-FDA34E1DFBB7}.Release|x64.ActiveCfg = Release|Any CPU
		{1D2CD584-2182-4AC8-A9C0-FDA34E1DFBB7}.Release|x64.Build.0 = Release|Any CPU
		{1D2CD584-2182-4AC8-A9C0-FDA34E1DFBB7}.Release|x86.ActiveCfg = Release|Any CPU
		{1D2CD584-2182-4AC8-A9C0-FDA34E1DFBB7}.Release|x86.Build.0 = Release|Any CPU
		{5216F6E9-17B3-4ABB-ACEA-0843FB781F27}.Debug|Any CPU.ActiveCfg = Debug|Any CPU
		{5216F6E9-17B3-4ABB-ACEA-0843FB781F27}.Debug|Any CPU.Build.0 = Debug|Any CPU
		{5216F6E9-17B3-4ABB-ACEA-0843FB781F27}.Debug|x64.ActiveCfg = Debug|Any CPU
		{5216F6E9-17B3-4ABB-ACEA-0843FB781F27}.Debug|x64.Build.0 = Debug|Any CPU
		{5216F6E9-17B3-4ABB-ACEA-0843FB781F27}.Debug|x86.ActiveCfg = Debug|Any CPU
		{5216F6E9-17B3-4ABB-ACEA-0843FB781F27}.Debug|x86.Build.0 = Debug|Any CPU
		{5216F6E9-17B3-4ABB-ACEA-0843FB781F27}.Release|Any CPU.ActiveCfg = Release|Any CPU
		{5216F6E9-17B3-4ABB-ACEA-0843FB781F27}.Release|Any CPU.Build.0 = Release|Any CPU
		{5216F6E9-17B3-4ABB-ACEA-0843FB781F27}.Release|x64.ActiveCfg = Release|Any CPU
		{5216F6E9-17B3-4ABB-ACEA-0843FB781F27}.Release|x64.Build.0 = Release|Any CPU
		{5216F6E9-17B3-4ABB-ACEA-0843FB781F27}.Release|x86.ActiveCfg = Release|Any CPU
		{5216F6E9-17B3-4ABB-ACEA-0843FB781F27}.Release|x86.Build.0 = Release|Any CPU
		{137A5DEF-C696-434D-9CD6-071109C561FB}.Debug|Any CPU.ActiveCfg = Debug|Any CPU
		{137A5DEF-C696-434D-9CD6-071109C561FB}.Debug|Any CPU.Build.0 = Debug|Any CPU
		{137A5DEF-C696-434D-9CD6-071109C561FB}.Debug|x64.ActiveCfg = Debug|Any CPU
		{137A5DEF-C696-434D-9CD6-071109C561FB}.Debug|x64.Build.0 = Debug|Any CPU
		{137A5DEF-C696-434D-9CD6-071109C561FB}.Debug|x86.ActiveCfg = Debug|Any CPU
		{137A5DEF-C696-434D-9CD6-071109C561FB}.Debug|x86.Build.0 = Debug|Any CPU
		{137A5DEF-C696-434D-9CD6-071109C561FB}.Release|Any CPU.ActiveCfg = Release|Any CPU
		{137A5DEF-C696-434D-9CD6-071109C561FB}.Release|Any CPU.Build.0 = Release|Any CPU
		{137A5DEF-C696-434D-9CD6-071109C561FB}.Release|x64.ActiveCfg = Release|Any CPU
		{137A5DEF-C696-434D-9CD6-071109C561FB}.Release|x64.Build.0 = Release|Any CPU
		{137A5DEF-C696-434D-9CD6-071109C561FB}.Release|x86.ActiveCfg = Release|Any CPU
		{137A5DEF-C696-434D-9CD6-071109C561FB}.Release|x86.Build.0 = Release|Any CPU
	EndGlobalSection
	GlobalSection(SolutionProperties) = preSolution
		HideSolutionNode = FALSE
	EndGlobalSection
	GlobalSection(NestedProjects) = preSolution
		{137A5DEF-C696-434D-9CD6-071109C561FB} = {827E0CD3-B72D-47B6-A68D-7590B98EB39B}
	EndGlobalSection
EndGlobal
